
Microsoft Visual Studio Solution File, Format Version 12.00
# Visual Studio Version 16
VisualStudioVersion = 16.0.31129.286
MinimumVisualStudioVersion = 10.0.40219.1
Project("{FAE04EC0-301F-11D3-BF4B-00C04F79EFBC}") = "laba 4", "laba 4.csproj", "{A1B53E94-8E41-46E5-84D5-E5364176CD1B}"
EndProject
Global
	GlobalSection(SolutionConfigurationPlatforms) = preSolution
		Debug|Any CPU = Debug|Any CPU
		Release|Any CPU = Release|Any CPU
	EndGlobalSection
	GlobalSection(ProjectConfigurationPlatforms) = postSolution
		{A1B53E94-8E41-46E5-84D5-E5364176CD1B}.Debug|Any CPU.ActiveCfg = Debug|Any CPU
		{A1B53E94-8E41-46E5-84D5-E5364176CD1B}.Debug|Any CPU.Build.0 = Debug|Any CPU
		{A1B53E94-8E41-46E5-84D5-E5364176CD1B}.Release|Any CPU.ActiveCfg = Release|Any CPU
		{A1B53E94-8E41-46E5-84D5-E5364176CD1B}.Release|Any CPU.Build.0 = Release|Any CPU
	EndGlobalSection
	GlobalSection(SolutionProperties) = preSolution
		HideSolutionNode = FALSE
	EndGlobalSection
	GlobalSection(ExtensibilityGlobals) = postSolution
		SolutionGuid = {0E335A13-3222-4D92-9015-AD62E533CAFF}
	EndGlobalSection
EndGlobal
